
Microsoft Visual Studio Solution File, Format Version 12.00
# Visual Studio Version 17
VisualStudioVersion = 17.8.34601.278
MinimumVisualStudioVersion = 10.0.40219.1
Project("{FAE04EC0-301F-11D3-BF4B-00C04F79EFBC}") = "ClassMetotDemo", "ClassMetotDemo.csproj", "{88125178-E504-4176-BFEE-F0E768CB0D2F}"
EndProject
Global
	GlobalSection(SolutionConfigurationPlatforms) = preSolution
		Debug|Any CPU = Debug|Any CPU
		Release|Any CPU = Release|Any CPU
	EndGlobalSection
	GlobalSection(ProjectConfigurationPlatforms) = postSolution
		{88125178-E504-4176-BFEE-F0E768CB0D2F}.Debug|Any CPU.ActiveCfg = Debug|Any CPU
		{88125178-E504-4176-BFEE-F0E768CB0D2F}.Debug|Any CPU.Build.0 = Debug|Any CPU
		{88125178-E504-4176-BFEE-F0E768CB0D2F}.Release|Any CPU.ActiveCfg = Release|Any CPU
		{88125178-E504-4176-BFEE-F0E768CB0D2F}.Release|Any CPU.Build.0 = Release|Any CPU
	EndGlobalSection
	GlobalSection(SolutionProperties) = preSolution
		HideSolutionNode = FALSE
	EndGlobalSection
	GlobalSection(ExtensibilityGlobals) = postSolution
		SolutionGuid = {65734FC8-C431-4E28-B681-01796278F71D}
	EndGlobalSection
EndGlobal
